
Microsoft Visual Studio Solution File, Format Version 12.00
# Visual Studio Version 16
VisualStudioVersion = 16.0.31005.135
MinimumVisualStudioVersion = 10.0.40219.1
Project("{FAE04EC0-301F-11D3-BF4B-00C04F79EFBC}") = "CompoundInterest", "CompoundInterest.csproj", "{0442E0AA-C040-4214-A981-9ABC7BEE7CF4}"
EndProject
Global
	GlobalSection(SolutionConfigurationPlatforms) = preSolution
		Debug|Any CPU = Debug|Any CPU
		Release|Any CPU = Release|Any CPU
	EndGlobalSection
	GlobalSection(ProjectConfigurationPlatforms) = postSolution
		{0442E0AA-C040-4214-A981-9ABC7BEE7CF4}.Debug|Any CPU.ActiveCfg = Debug|Any CPU
		{0442E0AA-C040-4214-A981-9ABC7BEE7CF4}.Debug|Any CPU.Build.0 = Debug|Any CPU
		{0442E0AA-C040-4214-A981-9ABC7BEE7CF4}.Release|Any CPU.ActiveCfg = Release|Any CPU
		{0442E0AA-C040-4214-A981-9ABC7BEE7CF4}.Release|Any CPU.Build.0 = Release|Any CPU
	EndGlobalSection
	GlobalSection(SolutionProperties) = preSolution
		HideSolutionNode = FALSE
	EndGlobalSection
	GlobalSection(ExtensibilityGlobals) = postSolution
		SolutionGuid = {01C93563-064C-48F8-A97B-9BC00190F06D}
	EndGlobalSection
EndGlobal
